
Microsoft Visual Studio Solution File, Format Version 12.00
# Visual Studio Version 17
VisualStudioVersion = 17.11.35312.102
MinimumVisualStudioVersion = 10.0.40219.1
Project("{9A19103F-16F7-4668-BE54-9A1E7A4F7556}") = "VirtualGameMode", "VirtualGameMode\VirtualGameMode.csproj", "{274671A3-BFD1-467E-A8F6-EE5B20024796}"
EndProject
Project("{C7167F0D-BC9F-4E6E-AFE1-012C56B48DB5}") = "Packaging", "Packaging\Packaging.wapproj", "{35FE63EF-3E4D-4972-8D89-586C2EDFCEE2}"
EndProject
Global
	GlobalSection(SolutionConfigurationPlatforms) = preSolution
		Debug|Any CPU = Debug|Any CPU
		Debug|ARM = Debug|ARM
		Debug|ARM64 = Debug|ARM64
		Debug|x64 = Debug|x64
		Debug|x86 = Debug|x86
		Release|Any CPU = Release|Any CPU
		Release|ARM = Release|ARM
		Release|ARM64 = Release|ARM64
		Release|x64 = Release|x64
		Release|x86 = Release|x86
	EndGlobalSection
	GlobalSection(ProjectConfigurationPlatforms) = postSolution
		{274671A3-BFD1-467E-A8F6-EE5B20024796}.Debug|Any CPU.ActiveCfg = Debug|Any CPU
		{274671A3-BFD1-467E-A8F6-EE5B20024796}.Debug|Any CPU.Build.0 = Debug|Any CPU
		{274671A3-BFD1-467E-A8F6-EE5B20024796}.Debug|ARM.ActiveCfg = Debug|Any CPU
		{274671A3-BFD1-467E-A8F6-EE5B20024796}.Debug|ARM.Build.0 = Debug|Any CPU
		{274671A3-BFD1-467E-A8F6-EE5B20024796}.Debug|ARM64.ActiveCfg = Debug|Any CPU
		{274671A3-BFD1-467E-A8F6-EE5B20024796}.Debug|ARM64.Build.0 = Debug|Any CPU
		{274671A3-BFD1-467E-A8F6-EE5B20024796}.Debug|x64.ActiveCfg = Debug|Any CPU
		{274671A3-BFD1-467E-A8F6-EE5B20024796}.Debug|x64.Build.0 = Debug|Any CPU
		{274671A3-BFD1-467E-A8F6-EE5B20024796}.Debug|x86.ActiveCfg = Debug|Any CPU
		{274671A3-BFD1-467E-A8F6-EE5B20024796}.Debug|x86.Build.0 = Debug|Any CPU
		{274671A3-BFD1-467E-A8F6-EE5B20024796}.Release|Any CPU.ActiveCfg = Release|Any CPU
		{274671A3-BFD1-467E-A8F6-EE5B20024796}.Release|Any CPU.Build.0 = Release|Any CPU
		{274671A3-BFD1-467E-A8F6-EE5B20024796}.Release|ARM.ActiveCfg = Release|Any CPU
		{274671A3-BFD1-467E-A8F6-EE5B20024796}.Release|ARM.Build.0 = Release|Any CPU
		{274671A3-BFD1-467E-A8F6-EE5B20024796}.Release|ARM64.ActiveCfg = Release|Any CPU
		{274671A3-BFD1-467E-A8F6-EE5B20024796}.Release|ARM64.Build.0 = Release|Any CPU
		{274671A3-BFD1-467E-A8F6-EE5B20024796}.Release|x64.ActiveCfg = Release|x64
		{274671A3-BFD1-467E-A8F6-EE5B20024796}.Release|x64.Build.0 = Release|x64
		{274671A3-BFD1-467E-A8F6-EE5B20024796}.Release|x86.ActiveCfg = Release|x86
		{274671A3-BFD1-467E-A8F6-EE5B20024796}.Release|x86.Build.0 = Release|x86
		{35FE63EF-3E4D-4972-8D89-586C2EDFCEE2}.Debug|Any CPU.ActiveCfg = Debug|Any CPU
		{35FE63EF-3E4D-4972-8D89-586C2EDFCEE2}.Debug|Any CPU.Build.0 = Debug|Any CPU
		{35FE63EF-3E4D-4972-8D89-586C2EDFCEE2}.Debug|Any CPU.Deploy.0 = Debug|Any CPU
		{35FE63EF-3E4D-4972-8D89-586C2EDFCEE2}.Debug|ARM.ActiveCfg = Debug|ARM
		{35FE63EF-3E4D-4972-8D89-586C2EDFCEE2}.Debug|ARM.Build.0 = Debug|ARM
		{35FE63EF-3E4D-4972-8D89-586C2EDFCEE2}.Debug|ARM.Deploy.0 = Debug|ARM
		{35FE63EF-3E4D-4972-8D89-586C2EDFCEE2}.Debug|ARM64.ActiveCfg = Debug|ARM64
		{35FE63EF-3E4D-4972-8D89-586C2EDFCEE2}.Debug|ARM64.Build.0 = Debug|ARM64
		{35FE63EF-3E4D-4972-8D89-586C2EDFCEE2}.Debug|ARM64.Deploy.0 = Debug|ARM64
		{35FE63EF-3E4D-4972-8D89-586C2EDFCEE2}.Debug|x64.ActiveCfg = Debug|x64
		{35FE63EF-3E4D-4972-8D89-586C2EDFCEE2}.Debug|x64.Build.0 = Debug|x64
		{35FE63EF-3E4D-4972-8D89-586C2EDFCEE2}.Debug|x64.Deploy.0 = Debug|x64
		{35FE63EF-3E4D-4972-8D89-586C2EDFCEE2}.Debug|x86.ActiveCfg = Debug|x86
		{35FE63EF-3E4D-4972-8D89-586C2EDFCEE2}.Debug|x86.Build.0 = Debug|x86
		{35FE63EF-3E4D-4972-8D89-586C2EDFCEE2}.Debug|x86.Deploy.0 = Debug|x86
		{35FE63EF-3E4D-4972-8D89-586C2EDFCEE2}.Release|Any CPU.ActiveCfg = Release|Any CPU
		{35FE63EF-3E4D-4972-8D89-586C2EDFCEE2}.Release|Any CPU.Build.0 = Release|Any CPU
		{35FE63EF-3E4D-4972-8D89-586C2EDFCEE2}.Release|Any CPU.Deploy.0 = Release|Any CPU
		{35FE63EF-3E4D-4972-8D89-586C2EDFCEE2}.Release|ARM.ActiveCfg = Release|ARM
		{35FE63EF-3E4D-4972-8D89-586C2EDFCEE2}.Release|ARM.Build.0 = Release|ARM
		{35FE63EF-3E4D-4972-8D89-586C2EDFCEE2}.Release|ARM.Deploy.0 = Release|ARM
		{35FE63EF-3E4D-4972-8D89-586C2EDFCEE2}.Release|ARM64.ActiveCfg = Release|ARM64
		{35FE63EF-3E4D-4972-8D89-586C2EDFCEE2}.Release|ARM64.Build.0 = Release|ARM64
		{35FE63EF-3E4D-4972-8D89-586C2EDFCEE2}.Release|ARM64.Deploy.0 = Release|ARM64
		{35FE63EF-3E4D-4972-8D89-586C2EDFCEE2}.Release|x64.ActiveCfg = Release|x64
		{35FE63EF-3E4D-4972-8D89-586C2EDFCEE2}.Release|x64.Build.0 = Release|x64
		{35FE63EF-3E4D-4972-8D89-586C2EDFCEE2}.Release|x64.Deploy.0 = Release|x64
		{35FE63EF-3E4D-4972-8D89-586C2EDFCEE2}.Release|x86.ActiveCfg = Release|x86
		{35FE63EF-3E4D-4972-8D89-586C2EDFCEE2}.Release|x86.Build.0 = Release|x86
		{35FE63EF-3E4D-4972-8D89-586C2EDFCEE2}.Release|x86.Deploy.0 = Release|x86
	EndGlobalSection
	GlobalSection(SolutionProperties) = preSolution
		HideSolutionNode = FALSE
	EndGlobalSection
	GlobalSection(ExtensibilityGlobals) = postSolution
		SolutionGuid = {62985ABC-BF4D-4FC1-9C4A-9FF1A90CF66A}
	EndGlobalSection
EndGlobal
